
Microsoft Visual Studio Solution File, Format Version 12.00
# Visual Studio Version 17
VisualStudioVersion = 17.14.36310.24
MinimumVisualStudioVersion = 10.0.40219.1
Project("{FAE04EC0-301F-11D3-BF4B-00C04F79EFBC}") = "AiOracleMCPserver", "AiOracleMCPserver.csproj", "{62181E58-CEC1-C02B-E0D0-C3900C60FB78}"
EndProject
Project("{FAE04EC0-301F-11D3-BF4B-00C04F79EFBC}") = "AiOracleMCPclient2", "..\AiOracleMCPclient2\AiOracleMCPclient2.csproj", "{9B3F515F-40A8-6C31-62EC-3BAB8DDA97C1}"
EndProject
Global
	GlobalSection(SolutionConfigurationPlatforms) = preSolution
		Debug|Any CPU = Debug|Any CPU
		Release|Any CPU = Release|Any CPU
	EndGlobalSection
	GlobalSection(ProjectConfigurationPlatforms) = postSolution
		{62181E58-CEC1-C02B-E0D0-C3900C60FB78}.Debug|Any CPU.ActiveCfg = Debug|Any CPU
		{62181E58-CEC1-C02B-E0D0-C3900C60FB78}.Debug|Any CPU.Build.0 = Debug|Any CPU
		{62181E58-CEC1-C02B-E0D0-C3900C60FB78}.Release|Any CPU.ActiveCfg = Release|Any CPU
		{62181E58-CEC1-C02B-E0D0-C3900C60FB78}.Release|Any CPU.Build.0 = Release|Any CPU
		{9B3F515F-40A8-6C31-62EC-3BAB8DDA97C1}.Debug|Any CPU.ActiveCfg = Debug|Any CPU
		{9B3F515F-40A8-6C31-62EC-3BAB8DDA97C1}.Debug|Any CPU.Build.0 = Debug|Any CPU
		{9B3F515F-40A8-6C31-62EC-3BAB8DDA97C1}.Release|Any CPU.ActiveCfg = Release|Any CPU
		{9B3F515F-40A8-6C31-62EC-3BAB8DDA97C1}.Release|Any CPU.Build.0 = Release|Any CPU
	EndGlobalSection
	GlobalSection(SolutionProperties) = preSolution
		HideSolutionNode = FALSE
	EndGlobalSection
	GlobalSection(ExtensibilityGlobals) = postSolution
		SolutionGuid = {453D017E-0E64-4430-9492-D73AF8A15887}
	EndGlobalSection
EndGlobal
